// !$*UTF8*$!
{
	archiveVersion = 1;
	classes = {
	};
	objectVersion = 50;
	objects = {

/* Begin PBXBuildFile section */
		2A54AE792183FAD90093AB88 /* AppDelegate.swift in Sources */ = {isa = PBXBuildFile; fileRef = 2A54AE782183FAD90093AB88 /* AppDelegate.swift */; };
		2A54AE7B2183FAD90093AB88 /* ViewController.swift in Sources */ = {isa = PBXBuildFile; fileRef = 2A54AE7A2183FAD90093AB88 /* ViewController.swift */; };
		2A54AE7E2183FAD90093AB88 /* Main.storyboard in Resources */ = {isa = PBXBuildFile; fileRef = 2A54AE7C2183FAD90093AB88 /* Main.storyboard */; };
		2A54AE802183FADA0093AB88 /* Assets.xcassets in Resources */ = {isa = PBXBuildFile; fileRef = 2A54AE7F2183FADA0093AB88 /* Assets.xcassets */; };
		2A54AE832183FADA0093AB88 /* LaunchScreen.storyboard in Resources */ = {isa = PBXBuildFile; fileRef = 2A54AE812183FADA0093AB88 /* LaunchScreen.storyboard */; };
		2A54AE8E2183FADA0093AB88 /* class1027Tests.swift in Sources */ = {isa = PBXBuildFile; fileRef = 2A54AE8D2183FADA0093AB88 /* class1027Tests.swift */; };
		2A54AE992183FADA0093AB88 /* class1027UITests.swift in Sources */ = {isa = PBXBuildFile; fileRef = 2A54AE982183FADA0093AB88 /* class1027UITests.swift */; };
/* End PBXBuildFile section */

/* Begin PBXContainerItemProxy section */
		2A54AE8A2183FADA0093AB88 /* PBXContainerItemProxy */ = {
			isa = PBXContainerItemProxy;
			containerPortal = 2A54AE6D2183FAD90093AB88 /* Project object */;
			proxyType = 1;
			remoteGlobalIDString = 2A54AE742183FAD90093AB88;
			remoteInfo = class1027;
		};
		2A54AE952183FADA0093AB88 /* PBXContainerItemProxy */ = {
			isa = PBXContainerItemProxy;
			containerPortal = 2A54AE6D2183FAD90093AB88 /* Project object */;
			proxyType = 1;
			remoteGlobalIDString = 2A54AE742183FAD90093AB88;
			remoteInfo = class1027;
		};
/* End PBXContainerItemProxy section */

/* Begin PBXFileReference section */
		2A54AE752183FAD90093AB88 /* class1027.app */ = {isa = PBXFileReference; explicitFileType = wrapper.application; includeInIndex = 0; path = class1027.app; sourceTree = BUILT_PRODUCTS_DIR; };
		2A54AE782183FAD90093AB88 /* AppDelegate.swift */ = {isa = PBXFileReference; lastKnownFileType = sourcecode.swift; path = AppDelegate.swift; sourceTree = "<group>"; };
		2A54AE7A2183FAD90093AB88 /* ViewController.swift */ = {isa = PBXFileReference; lastKnownFileType = sourcecode.swift; path = ViewController.swift; sourceTree = "<group>"; };
		2A54AE7D2183FAD90093AB88 /* Base */ = {isa = PBXFileReference; lastKnownFileType = file.storyboard; name = Base; path = Base.lproj/Main.storyboard; sourceTree = "<group>"; };
		2A54AE7F2183FADA0093AB88 /* Assets.xcassets */ = {isa = PBXFileReference; lastKnownFileType = folder.assetcatalog; path = Assets.xcassets; sourceTree = "<group>"; };
		2A54AE822183FADA0093AB88 /* Base */ = {isa = PBXFileReference; lastKnownFileType = file.storyboard; name = Base; path = Base.lproj/LaunchScreen.storyboard; sourceTree = "<group>"; };
		2A54AE842183FADA0093AB88 /* Info.plist */ = {isa = PBXFileReference; lastKnownFileType = text.plist.xml; path = Info.plist; sourceTree = "<group>"; };
		2A54AE892183FADA0093AB88 /* class1027Tests.xctest */ = {isa = PBXFileReference; explicitFileType = wrapper.cfbundle; includeInIndex = 0; path = class1027Tests.xctest; sourceTree = BUILT_PRODUCTS_DIR; };
		2A54AE8D2183FADA0093AB88 /* class1027Tests.swift */ = {isa = PBXFileReference; lastKnownFileType = sourcecode.swift; path = class1027Tests.swift; sourceTree = "<group>"; };
		2A54AE8F2183FADA0093AB88 /* Info.plist */ = {isa = PBXFileReference; lastKnownFileType = text.plist.xml; path = Info.plist; sourceTree = "<group>"; };
		2A54AE942183FADA0093AB88 /* class1027UITests.xctest */ = {isa = PBXFileReference; explicitFileType = wrapper.cfbundle; includeInIndex = 0; path = class1027UITests.xctest; sourceTree = BUILT_PRODUCTS_DIR; };
		2A54AE982183FADA0093AB88 /* class1027UITests.swift */ = {isa = PBXFileReference; lastKnownFileType = sourcecode.swift; path = class1027UITests.swift; sourceTree = "<group>"; };
		2A54AE9A2183FADA0093AB88 /* Info.plist */ = {isa = PBXFileReference; lastKnownFileType = text.plist.xml; path = Info.plist; sourceTree = "<group>"; };
/* End PBXFileReference section */

/* Begin PBXFrameworksBuildPhase section */
		2A54AE722183FAD90093AB88 /* Frameworks */ = {
			isa = PBXFrameworksBuildPhase;
			buildActionMask = 2147483647;
			files = (
			);
			runOnlyForDeploymentPostprocessing = 0;
		};
		2A54AE862183FADA0093AB88 /* Frameworks */ = {
			isa = PBXFrameworksBuildPhase;
			buildActionMask = 2147483647;
			files = (
			);
			runOnlyForDeploymentPostprocessing = 0;
		};
		2A54AE912183FADA0093AB88 /* Frameworks */ = {
			isa = PBXFrameworksBuildPhase;
			buildActionMask = 2147483647;
			files = (
			);
			runOnlyForDeploymentPostprocessing = 0;
		};
/* End PBXFrameworksBuildPhase section */

/* Begin PBXGroup section */
		2A54AE6C2183FAD90093AB88 = {
			isa = PBXGroup;
			children = (
				2A54AE772183FAD90093AB88 /* class1027 */,
				2A54AE8C2183FADA0093AB88 /* class1027Tests */,
				2A54AE972183FADA0093AB88 /* class1027UITests */,
				2A54AE762183FAD90093AB88 /* Products */,
			);
			sourceTree = "<group>";
		};
		2A54AE762183FAD90093AB88 /* Products */ = {
			isa = PBXGroup;
			children = (
				2A54AE752183FAD90093AB88 /* class1027.app */,
				2A54AE892183FADA0093AB88 /* class1027Tests.xctest */,
				2A54AE942183FADA0093AB88 /* class1027UITests.xctest */,
			);
			name = Products;
			sourceTree = "<group>";
		};
		2A54AE772183FAD90093AB88 /* class1027 */ = {
			isa = PBXGroup;
			children = (
				2A54AE782183FAD90093AB88 /* AppDelegate.swift */,
				2A54AE7A2183FAD90093AB88 /* ViewController.swift */,
				2A54AE7C2183FAD90093AB88 /* Main.storyboard */,
				2A54AE7F2183FADA0093AB88 /* Assets.xcassets */,
				2A54AE812183FADA0093AB88 /* LaunchScreen.storyboard */,
				2A54AE842183FADA0093AB88 /* Info.plist */,
			);
			path = class1027;
			sourceTree = "<group>";
		};
		2A54AE8C2183FADA0093AB88 /* class1027Tests */ = {
			isa = PBXGroup;
			children = (
				2A54AE8D2183FADA0093AB88 /* class1027Tests.swift */,
				2A54AE8F2183FADA0093AB88 /* Info.plist */,
			);
			path = class1027Tests;
			sourceTree = "<group>";
		};
		2A54AE972183FADA0093AB88 /* class1027UITests */ = {
			isa = PBXGroup;
			children = (
				2A54AE982183FADA0093AB88 /* class1027UITests.swift */,
				2A54AE9A2183FADA0093AB88 /* Info.plist */,
			);
			path = class1027UITests;
			sourceTree = "<group>";
		};
/* End PBXGroup section */

/* Begin PBXNativeTarget section */
		2A54AE742183FAD90093AB88 /* class1027 */ = {
			isa = PBXNativeTarget;
			buildConfigurationList = 2A54AE9D2183FADA0093AB88 /* Build configuration list for PBXNativeTarget "class1027" */;
			buildPhases = (
				2A54AE712183FAD90093AB88 /* Sources */,
				2A54AE722183FAD90093AB88 /* Frameworks */,
				2A54AE732183FAD90093AB88 /* Resources */,
			);
			buildRules = (
			);
			dependencies = (
			);
			name = class1027;
			productName = class1027;
			productReference = 2A54AE752183FAD90093AB88 /* class1027.app */;
			productType = "com.apple.product-type.application";
		};
		2A54AE882183FADA0093AB88 /* class1027Tests */ = {
			isa = PBXNativeTarget;
			buildConfigurationList = 2A54AEA02183FADA0093AB88 /* Build configuration list for PBXNativeTarget "class1027Tests" */;
			buildPhases = (
				2A54AE852183FADA0093AB88 /* Sources */,
				2A54AE862183FADA0093AB88 /* Frameworks */,
				2A54AE872183FADA0093AB88 /* Resources */,
			);
			buildRules = (
			);
			dependencies = (
				2A54AE8B2183FADA0093AB88 /* PBXTargetDependency */,
			);
			name = class1027Tests;
			productName = class1027Tests;
			productReference = 2A54AE892183FADA0093AB88 /* class1027Tests.xctest */;
			productType = "com.apple.product-type.bundle.unit-test";
		};
		2A54AE932183FADA0093AB88 /* class1027UITests */ = {
			isa = PBXNativeTarget;
			buildConfigurationList = 2A54AEA32183FADA0093AB88 /* Build configuration list for PBXNativeTarget "class1027UITests" */;
			buildPhases = (
				2A54AE902183FADA0093AB88 /* Sources */,
				2A54AE912183FADA0093AB88 /* Frameworks */,
				2A54AE922183FADA0093AB88 /* Resources */,
			);
			buildRules = (
			);
			dependencies = (
				2A54AE962183FADA0093AB88 /* PBXTargetDependency */,
			);
			name = class1027UITests;
			productName = class1027UITests;
			productReference = 2A54AE942183FADA0093AB88 /* class1027UITests.xctest */;
			productType = "com.apple.product-type.bundle.ui-testing";
		};
/* End PBXNativeTarget section */

/* Begin PBXProject section */
		2A54AE6D2183FAD90093AB88 /* Project object */ = {
			isa = PBXProject;
			attributes = {
				LastSwiftUpdateCheck = 1000;
				LastUpgradeCheck = 1000;
				ORGANIZATIONNAME = s20171105407;
				TargetAttributes = {
					2A54AE742183FAD90093AB88 = {
						CreatedOnToolsVersion = 10.0;
					};
					2A54AE882183FADA0093AB88 = {
						CreatedOnToolsVersion = 10.0;
						TestTargetID = 2A54AE742183FAD90093AB88;
					};
					2A54AE932183FADA0093AB88 = {
						CreatedOnToolsVersion = 10.0;
						TestTargetID = 2A54AE742183FAD90093AB88;
					};
				};
			};
			buildConfigurationList = 2A54AE702183FAD90093AB88 /* Build configuration list for PBXProject "class1027" */;
			compatibilityVersion = "Xcode 9.3";
			developmentRegion = en;
			hasScannedForEncodings = 0;
			knownRegions = (
				en,
				Base,
			);
			mainGroup = 2A54AE6C2183FAD90093AB88;
			productRefGroup = 2A54AE762183FAD90093AB88 /* Products */;
			projectDirPath = "";
			projectRoot = "";
			targets = (
				2A54AE742183FAD90093AB88 /* class1027 */,
				2A54AE882183FADA0093AB88 /* class1027Tests */,
				2A54AE932183FADA0093AB88 /* class1027UITests */,
			);
		};
/* End PBXProject section */

/* Begin PBXResourcesBuildPhase section */
		2A54AE732183FAD90093AB88 /* Resources */ = {
			isa = PBXResourcesBuildPhase;
			buildActionMask = 2147483647;
			files = (
				2A54AE832183FADA0093AB88 /* LaunchScreen.storyboard in Resources */,
				2A54AE802183FADA0093AB88 /* Assets.xcassets in Resources */,
				2A54AE7E2183FAD90093AB88 /* Main.storyboard in Resources */,
			);
			runOnlyForDeploymentPostprocessing = 0;
		};
		2A54AE872183FADA0093AB88 /* Resources */ = {
			isa = PBXResourcesBuildPhase;
			buildActionMask = 2147483647;
			files = (
			);
			runOnlyForDeploymentPostprocessing = 0;
		};
		2A54AE922183FADA0093AB88 /* Resources */ = {
			isa = PBXResourcesBuildPhase;
			buildActionMask = 2147483647;
			files = (
			);
			runOnlyForDeploymentPostprocessing = 0;
		};
/* End PBXResourcesBuildPhase section */

/* Begin PBXSourcesBuildPhase section */
		2A54AE712183FAD90093AB88 /* Sources */ = {
			isa = PBXSourcesBuildPhase;
			buildActionMask = 2147483647;
			files = (
				2A54AE7B2183FAD90093AB88 /* ViewController.swift in Sources */,
				2A54AE792183FAD90093AB88 /* AppDelegate.swift in Sources */,
			);
			runOnlyForDeploymentPostprocessing = 0;
		};
		2A54AE852183FADA0093AB88 /* Sources */ = {
			isa = PBXSourcesBuildPhase;
			buildActionMask = 2147483647;
			files = (
				2A54AE8E2183FADA0093AB88 /* class1027Tests.swift in Sources */,
			);
			runOnlyForDeploymentPostprocessing = 0;
		};
		2A54AE902183FADA0093AB88 /* Sources */ = {
			isa = PBXSourcesBuildPhase;
			buildActionMask = 2147483647;
			files = (
				2A54AE992183FADA0093AB88 /* class1027UITests.swift in Sources */,
			);
			runOnlyForDeploymentPostprocessing = 0;
		};
/* End PBXSourcesBuildPhase section */

/* Begin PBXTargetDependency section */
		2A54AE8B2183FADA0093AB88 /* PBXTargetDependency */ = {
			isa = PBXTargetDependency;
			target = 2A54AE742183FAD90093AB88 /* class1027 */;
			targetProxy = 2A54AE8A2183FADA0093AB88 /* PBXContainerItemProxy */;
		};
		2A54AE962183FADA0093AB88 /* PBXTargetDependency */ = {
			isa = PBXTargetDependency;
			target = 2A54AE742183FAD90093AB88 /* class1027 */;
			targetProxy = 2A54AE952183FADA0093AB88 /* PBXContainerItemProxy */;
		};
/* End PBXTargetDependency section */

/* Begin PBXVariantGroup section */
		2A54AE7C2183FAD90093AB88 /* Main.storyboard */ = {
			isa = PBXVariantGroup;
			children = (
				2A54AE7D2183FAD90093AB88 /* Base */,
			);
			name = Main.storyboard;
			sourceTree = "<group>";
		};
		2A54AE812183FADA0093AB88 /* LaunchScreen.storyboard */ = {
			isa = PBXVariantGroup;
			children = (
				2A54AE822183FADA0093AB88 /* Base */,
			);
			name = LaunchScreen.storyboard;
			sourceTree = "<group>";
		};
/* End PBXVariantGroup section */

/* Begin XCBuildConfiguration section */
		2A54AE9B2183FADA0093AB88 /* Debug */ = {
			isa = XCBuildConfiguration;
			buildSettings = {
				ALWAYS_SEARCH_USER_PATHS = NO;
				CLANG_ANALYZER_NONNULL = YES;
				CLANG_ANALYZER_NUMBER_OBJECT_CONVERSION = YES_AGGRESSIVE;
				CLANG_CXX_LANGUAGE_STANDARD = "gnu++14";
				CLANG_CXX_LIBRARY = "libc++";
				CLANG_ENABLE_MODULES = YES;
				CLANG_ENABLE_OBJC_ARC = YES;
				CLANG_ENABLE_OBJC_WEAK = YES;
				CLANG_WARN_BLOCK_CAPTURE_AUTORELEASING = YES;
				CLANG_WARN_BOOL_CONVERSION = YES;
				CLANG_WARN_COMMA = YES;
				CLANG_WARN_CONSTANT_CONVERSION = YES;
				CLANG_WARN_DEPRECATED_OBJC_IMPLEMENTATIONS = YES;
				CLANG_WARN_DIRECT_OBJC_ISA_USAGE = YES_ERROR;
				CLANG_WARN_DOCUMENTATION_COMMENTS = YES;
				CLANG_WARN_EMPTY_BODY = YES;
				CLANG_WARN_ENUM_CONVERSION = YES;
				CLANG_WARN_INFINITE_RECURSION = YES;
				CLANG_WARN_INT_CONVERSION = YES;
				CLANG_WARN_NON_LITERAL_NULL_CONVERSION = YES;
				CLANG_WARN_OBJC_IMPLICIT_RETAIN_SELF = YES;
				CLANG_WARN_OBJC_LITERAL_CONVERSION = YES;
				CLANG_WARN_OBJC_ROOT_CLASS = YES_ERROR;
				CLANG_WARN_RANGE_LOOP_ANALYSIS = YES;
				CLANG_WARN_STRICT_PROTOTYPES = YES;
				CLANG_WARN_SUSPICIOUS_MOVE = YES;
				CLANG_WARN_UNGUARDED_AVAILABILITY = YES_AGGRESSIVE;
				CLANG_WARN_UNREACHABLE_CODE = YES;
				CLANG_WARN__DUPLICATE_METHOD_MATCH = YES;
				CODE_SIGN_IDENTITY = "iPhone Developer";
				COPY_PHASE_STRIP = NO;
				DEBUG_INFORMATION_FORMAT = dwarf;
				ENABLE_STRICT_OBJC_MSGSEND = YES;
				ENABLE_TESTABILITY = YES;
				GCC_C_LANGUAGE_STANDARD = gnu11;
				GCC_DYNAMIC_NO_PIC = NO;
				GCC_NO_COMMON_BLOCKS = YES;
				GCC_OPTIMIZATION_LEVEL = 0;
				GCC_PREPROCESSOR_DEFINITIONS = (
					"DEBUG=1",
					"$(inherited)",
				);
				GCC_WARN_64_TO_32_BIT_CONVERSION = YES;
				GCC_WARN_ABOUT_RETURN_TYPE = YES_ERROR;
				GCC_WARN_UNDECLARED_SELECTOR = YES;
				GCC_WARN_UNINITIALIZED_AUTOS = YES_AGGRESSIVE;
				GCC_WARN_UNUSED_FUNCTION = YES;
				GCC_WARN_UNUSED_VARIABLE = YES;
				IPHONEOS_DEPLOYMENT_TARGET = 12.0;
				MTL_ENABLE_DEBUG_INFO = INCLUDE_SOURCE;
				MTL_FAST_MATH = YES;
				ONLY_ACTIVE_ARCH = YES;
				SDKROOT = iphoneos;
				SWIFT_ACTIVE_COMPILATION_CONDITIONS = DEBUG;
				SWIFT_OPTIMIZATION_LEVEL = "-Onone";
			};
			name = Debug;
		};
		2A54AE9C2183FADA0093AB88 /* Release */ = {
			isa = XCBuildConfiguration;
			buildSettings = {
				ALWAYS_SEARCH_USER_PATHS = NO;
				CLANG_ANALYZER_NONNULL = YES;
				CLANG_ANALYZER_NUMBER_OBJECT_CONVERSION = YES_AGGRESSIVE;
				CLANG_CXX_LANGUAGE_STANDARD = "gnu++14";
				CLANG_CXX_LIBRARY = "libc++";
				CLANG_ENABLE_MODULES = YES;
				CLANG_ENABLE_OBJC_ARC = YES;
				CLANG_ENABLE_OBJC_WEAK = YES;
				CLANG_WARN_BLOCK_CAPTURE_AUTORELEASING = YES;
				CLANG_WARN_BOOL_CONVERSION = YES;
				CLANG_WARN_COMMA = YES;
				CLANG_WARN_CONSTANT_CONVERSION = YES;
				CLANG_WARN_DEPRECATED_OBJC_IMPLEMENTATIONS = YES;
				CLANG_WARN_DIRECT_OBJC_ISA_USAGE = YES_ERROR;
				CLANG_WARN_DOCUMENTATION_COMMENTS = YES;
				CLANG_WARN_EMPTY_BODY = YES;
				CLANG_WARN_ENUM_CONVERSION = YES;
				CLANG_WARN_INFINITE_RECURSION = YES;
				CLANG_WARN_INT_CONVERSION = YES;
				CLANG_WARN_NON_LITERAL_NULL_CONVERSION = YES;
				CLANG_WARN_OBJC_IMPLICIT_RETAIN_SELF = YES;
				CLANG_WARN_OBJC_LITERAL_CONVERSION = YES;
				CLANG_WARN_OBJC_ROOT_CLASS = YES_ERROR;
				CLANG_WARN_RANGE_LOOP_ANALYSIS = YES;
				CLANG_WARN_STRICT_PROTOTYPES = YES;
				CLANG_WARN_SUSPICIOUS_MOVE = YES;
				CLANG_WARN_UNGUARDED_AVAILABILITY = YES_AGGRESSIVE;
				CLANG_WARN_UNREACHABLE_CODE = YES;
				CLANG_WARN__DUPLICATE_METHOD_MATCH = YES;
				CODE_SIGN_IDENTITY = "iPhone Developer";
				COPY_PHASE_STRIP = NO;
				DEBUG_INFORMATION_FORMAT = "dwarf-with-dsym";
				ENABLE_NS_ASSERTIONS = NO;
				ENABLE_STRICT_OBJC_MSGSEND = YES;
				GCC_C_LANGUAGE_STANDARD = gnu11;
				GCC_NO_COMMON_BLOCKS = YES;
				GCC_WARN_64_TO_32_BIT_CONVERSION = YES;
				GCC_WARN_ABOUT_RETURN_TYPE = YES_ERROR;
				GCC_WARN_UNDECLARED_SELECTOR = YES;
				GCC_WARN_UNINITIALIZED_AUTOS = YES_AGGRESSIVE;
				GCC_WARN_UNUSED_FUNCTION = YES;
				GCC_WARN_UNUSED_VARIABLE = YES;
				IPHONEOS_DEPLOYMENT_TARGET = 12.0;
				MTL_ENABLE_DEBUG_INFO = NO;
				MTL_FAST_MATH = YES;
				SDKROOT = iphoneos;
				SWIFT_COMPILATION_MODE = wholemodule;
				SWIFT_OPTIMIZATION_LEVEL = "-O";
				VALIDATE_PRODUCT = YES;
			};
			name = Release;
		};
		2A54AE9E2183FADA0093AB88 /* Debug */ = {
			isa = XCBuildConfiguration;
			buildSettings = {
				ASSETCATALOG_COMPILER_APPICON_NAME = AppIcon;
				CODE_SIGN_STYLE = Automatic;
				INFOPLIST_FILE = class1027/Info.plist;
				LD_RUNPATH_SEARCH_PATHS = (
					"$(inherited)",
					"@executable_path/Frameworks",
				);
				PRODUCT_BUNDLE_IDENTIFIER = imnu.class1027;
				PRODUCT_NAME = "$(TARGET_NAME)";
				SWIFT_VERSION = 4.2;
				TARGETED_DEVICE_FAMILY = "1,2";
			};
			name = Debug;
		};
		2A54AE9F2183FADA0093AB88 /* Release */ = {
			isa = XCBuildConfiguration;
			buildSettings = {
				ASSETCATALOG_COMPILER_APPICON_NAME = AppIcon;
				CODE_SIGN_STYLE = Automatic;
				INFOPLIST_FILE = class1027/Info.plist;
				LD_RUNPATH_SEARCH_PATHS = (
					"$(inherited)",
					"@executable_path/Frameworks",
				);
				PRODUCT_BUNDLE_IDENTIFIER = imnu.class1027;
				PRODUCT_NAME = "$(TARGET_NAME)";
				SWIFT_VERSION = 4.2;
				TARGETED_DEVICE_FAMILY = "1,2";
			};
			name = Release;
		};
		2A54AEA12183FADA0093AB88 /* Debug */ = {
			isa = XCBuildConfiguration;
			buildSettings = {
				ALWAYS_EMBED_SWIFT_STANDARD_LIBRARIES = YES;
				BUNDLE_LOADER = "$(TEST_HOST)";
				CODE_SIGN_STYLE = Automatic;
				INFOPLIST_FILE = class1027Tests/Info.plist;
				LD_RUNPATH_SEARCH_PATHS = (
					"$(inherited)",
					"@executable_path/Frameworks",
					"@loader_path/Frameworks",
				);
				PRODUCT_BUNDLE_IDENTIFIER = imnu.class1027Tests;
				PRODUCT_NAME = "$(TARGET_NAME)";
				SWIFT_VERSION = 4.2;
				TARGETED_DEVICE_FAMILY = "1,2";
				TEST_HOST = "$(BUILT_PRODUCTS_DIR)/class1027.app/class1027";
			};
			name = Debug;
		};
		2A54AEA22183FADA0093AB88 /* Release */ = {
			isa = XCBuildConfiguration;
			buildSettings = {
				ALWAYS_EMBED_SWIFT_STANDARD_LIBRARIES = YES;
				BUNDLE_LOADER = "$(TEST_HOST)";
				CODE_SIGN_STYLE = Automatic;
				INFOPLIST_FILE = class1027Tests/Info.plist;
				LD_RUNPATH_SEARCH_PATHS = (
					"$(inherited)",
					"@executable_path/Frameworks",
					"@loader_path/Frameworks",
				);
				PRODUCT_BUNDLE_IDENTIFIER = imnu.class1027Tests;
				PRODUCT_NAME = "$(TARGET_NAME)";
				SWIFT_VERSION = 4.2;
				TARGETED_DEVICE_FAMILY = "1,2";
				TEST_HOST = "$(BUILT_PRODUCTS_DIR)/class1027.app/class1027";
			};
			name = Release;
		};
		2A54AEA42183FADA0093AB88 /* Debug */ = {
			isa = XCBuildConfiguration;
			buildSettings = {
				ALWAYS_EMBED_SWIFT_STANDARD_LIBRARIES = YES;
				CODE_SIGN_STYLE = Automatic;
				INFOPLIST_FILE = class1027UITests/Info.plist;
				LD_RUNPATH_SEARCH_PATHS = (
					"$(inherited)",
					"@executable_path/Frameworks",
					"@loader_path/Frameworks",
				);
				PRODUCT_BUNDLE_IDENTIFIER = imnu.class1027UITests;
				PRODUCT_NAME = "$(TARGET_NAME)";
				SWIFT_VERSION = 4.2;
				TARGETED_DEVICE_FAMILY = "1,2";
				TEST_TARGET_NAME = class1027;
			};
			name = Debug;
		};
		2A54AEA52183FADA0093AB88 /* Release */ = {
			isa = XCBuildConfiguration;
			buildSettings = {
				ALWAYS_EMBED_SWIFT_STANDARD_LIBRARIES = YES;
				CODE_SIGN_STYLE = Automatic;
				INFOPLIST_FILE = class1027UITests/Info.plist;
				LD_RUNPATH_SEARCH_PATHS = (
					"$(inherited)",
					"@executable_path/Frameworks",
					"@loader_path/Frameworks",
				);
				PRODUCT_BUNDLE_IDENTIFIER = imnu.class1027UITests;
				PRODUCT_NAME = "$(TARGET_NAME)";
				SWIFT_VERSION = 4.2;
				TARGETED_DEVICE_FAMILY = "1,2";
				TEST_TARGET_NAME = class1027;
			};
			name = Release;
		};
/* End XCBuildConfiguration section */

/* Begin XCConfigurationList section */
		2A54AE702183FAD90093AB88 /* Build configuration list for PBXProject "class1027" */ = {
			isa = XCConfigurationList;
			buildConfigurations = (
				2A54AE9B2183FADA0093AB88 /* Debug */,
				2A54AE9C2183FADA0093AB88 /* Release */,
			);
			defaultConfigurationIsVisible = 0;
			defaultConfigurationName = Release;
		};
		2A54AE9D2183FADA0093AB88 /* Build configuration list for PBXNativeTarget "class1027" */ = {
			isa = XCConfigurationList;
			buildConfigurations = (
				2A54AE9E2183FADA0093AB88 /* Debug */,
				2A54AE9F2183FADA0093AB88 /* Release */,
			);
			defaultConfigurationIsVisible = 0;
			defaultConfigurationName = Release;
		};
		2A54AEA02183FADA0093AB88 /* Build configuration list for PBXNativeTarget "class1027Tests" */ = {
			isa = XCConfigurationList;
			buildConfigurations = (
				2A54AEA12183FADA0093AB88 /* Debug */,
				2A54AEA22183FADA0093AB88 /* Release */,
			);
			defaultConfigurationIsVisible = 0;
			defaultConfigurationName = Release;
		};
		2A54AEA32183FADA0093AB88 /* Build configuration list for PBXNativeTarget "class1027UITests" */ = {
			isa = XCConfigurationList;
			buildConfigurations = (
				2A54AEA42183FADA0093AB88 /* Debug */,
				2A54AEA52183FADA0093AB88 /* Release */,
			);
			defaultConfigurationIsVisible = 0;
			defaultConfigurationName = Release;
		};
/* End XCConfigurationList section */
	};
	rootObject = 2A54AE6D2183FAD90093AB88 /* Project object */;
}
